// !$*UTF8*$!
{
	archiveVersion = 1;
	classes = {
	};
	objectVersion = 46;
	objects = {

/* Begin PBXBuildFile section */
		0725FAD41CF5D68B007A6088 /* BaseViewController.m in Sources */ = {isa = PBXBuildFile; fileRef = 0725FAD31CF5D68B007A6088 /* BaseViewController.m */; };
		0725FAD81CF5DAF5007A6088 /* EWHotCityCell.m in Sources */ = {isa = PBXBuildFile; fileRef = 0725FAD61CF5DAF5007A6088 /* EWHotCityCell.m */; };
		0725FAD91CF5DAF5007A6088 /* EWHotCityCell.xib in Resources */ = {isa = PBXBuildFile; fileRef = 0725FAD71CF5DAF5007A6088 /* EWHotCityCell.xib */; };
		0730A4EC1CF3EFD500949058 /* main.m in Sources */ = {isa = PBXBuildFile; fileRef = 0730A4EB1CF3EFD500949058 /* main.m */; };
		0730A4EF1CF3EFD500949058 /* AppDelegate.m in Sources */ = {isa = PBXBuildFile; fileRef = 0730A4EE1CF3EFD500949058 /* AppDelegate.m */; };
		0730A4F71CF3EFD500949058 /* Assets.xcassets in Resources */ = {isa = PBXBuildFile; fileRef = 0730A4F61CF3EFD500949058 /* Assets.xcassets */; };
		0730A5051CF3EFD500949058 /* salary_calcTests.m in Sources */ = {isa = PBXBuildFile; fileRef = 0730A5041CF3EFD500949058 /* salary_calcTests.m */; };
		0730A5101CF3EFD500949058 /* salary_calcUITests.m in Sources */ = {isa = PBXBuildFile; fileRef = 0730A50F1CF3EFD500949058 /* salary_calcUITests.m */; };
		0730A5231CF3F75900949058 /* EWNaviViewController.m in Sources */ = {isa = PBXBuildFile; fileRef = 0730A5221CF3F75900949058 /* EWNaviViewController.m */; };
		0730A5261CF3F84400949058 /* EWRootViewController.m in Sources */ = {isa = PBXBuildFile; fileRef = 0730A5251CF3F84400949058 /* EWRootViewController.m */; };
		0730A5291CF401CF00949058 /* EWLocationViewController.m in Sources */ = {isa = PBXBuildFile; fileRef = 0730A5281CF401CF00949058 /* EWLocationViewController.m */; };
		0730A52C1CF401DF00949058 /* EWSettingViewController.m in Sources */ = {isa = PBXBuildFile; fileRef = 0730A52B1CF401DF00949058 /* EWSettingViewController.m */; };
		0730A52F1CF41C7A00949058 /* city.plist in Resources */ = {isa = PBXBuildFile; fileRef = 0730A52E1CF41C7A00949058 /* city.plist */; };
		078449EC1CF457E100A2460C /* CityManager.m in Sources */ = {isa = PBXBuildFile; fileRef = 078449EB1CF457E100A2460C /* CityManager.m */; };
		078449F01CF4580200A2460C /* City.m in Sources */ = {isa = PBXBuildFile; fileRef = 078449EF1CF4580200A2460C /* City.m */; };
		C19E77AE8C98A39ABDF909F8 /* Pods_salary_calc.framework in Frameworks */ = {isa = PBXBuildFile; fileRef = 57528E0EFF5A8CF314453031 /* Pods_salary_calc.framework */; };
		EFFCE3131ED2B3B100A35DF9 /* LaunchScreen.storyboard in Resources */ = {isa = PBXBuildFile; fileRef = EFFCE3111ED2B3B100A35DF9 /* LaunchScreen.storyboard */; };
		EFFCE3141ED2B3B100A35DF9 /* Main.storyboard in Resources */ = {isa = PBXBuildFile; fileRef = EFFCE3121ED2B3B100A35DF9 /* Main.storyboard */; };
/* End PBXBuildFile section */

/* Begin PBXContainerItemProxy section */
		0730A5011CF3EFD500949058 /* PBXContainerItemProxy */ = {
			isa = PBXContainerItemProxy;
			containerPortal = 0730A4DF1CF3EFD500949058 /* Project object */;
			proxyType = 1;
			remoteGlobalIDString = 0730A4E61CF3EFD500949058;
			remoteInfo = "salary-calc";
		};
		0730A50C1CF3EFD500949058 /* PBXContainerItemProxy */ = {
			isa = PBXContainerItemProxy;
			containerPortal = 0730A4DF1CF3EFD500949058 /* Project object */;
			proxyType = 1;
			remoteGlobalIDString = 0730A4E61CF3EFD500949058;
			remoteInfo = "salary-calc";
		};
/* End PBXContainerItemProxy section */

/* Begin PBXCopyFilesBuildPhase section */
		07302C4D1D0EE8FD00CAE7FD /* Embed Frameworks */ = {
			isa = PBXCopyFilesBuildPhase;
			buildActionMask = 2147483647;
			dstPath = "";
			dstSubfolderSpec = 10;
			files = (
			);
			name = "Embed Frameworks";
			runOnlyForDeploymentPostprocessing = 0;
		};
/* End PBXCopyFilesBuildPhase section */

/* Begin PBXFileReference section */
		0725FABF1CF4A105007A6088 /* Constants.h */ = {isa = PBXFileReference; fileEncoding = 4; lastKnownFileType = sourcecode.c.h; path = Constants.h; sourceTree = "<group>"; };
		0725FAD21CF5D68B007A6088 /* BaseViewController.h */ = {isa = PBXFileReference; fileEncoding = 4; lastKnownFileType = sourcecode.c.h; path = BaseViewController.h; sourceTree = "<group>"; };
		0725FAD31CF5D68B007A6088 /* BaseViewController.m */ = {isa = PBXFileReference; fileEncoding = 4; lastKnownFileType = sourcecode.c.objc; path = BaseViewController.m; sourceTree = "<group>"; };
		0725FAD51CF5DAF5007A6088 /* EWHotCityCell.h */ = {isa = PBXFileReference; fileEncoding = 4; lastKnownFileType = sourcecode.c.h; path = EWHotCityCell.h; sourceTree = "<group>"; };
		0725FAD61CF5DAF5007A6088 /* EWHotCityCell.m */ = {isa = PBXFileReference; fileEncoding = 4; lastKnownFileType = sourcecode.c.objc; path = EWHotCityCell.m; sourceTree = "<group>"; };
		0725FAD71CF5DAF5007A6088 /* EWHotCityCell.xib */ = {isa = PBXFileReference; fileEncoding = 4; lastKnownFileType = file.xib; path = EWHotCityCell.xib; sourceTree = "<group>"; };
		0730A4E71CF3EFD500949058 /* salary-calc.app */ = {isa = PBXFileReference; explicitFileType = wrapper.application; includeInIndex = 0; path = "salary-calc.app"; sourceTree = BUILT_PRODUCTS_DIR; };
		0730A4EB1CF3EFD500949058 /* main.m */ = {isa = PBXFileReference; lastKnownFileType = sourcecode.c.objc; path = main.m; sourceTree = "<group>"; };
		0730A4ED1CF3EFD500949058 /* AppDelegate.h */ = {isa = PBXFileReference; lastKnownFileType = sourcecode.c.h; path = AppDelegate.h; sourceTree = "<group>"; };
		0730A4EE1CF3EFD500949058 /* AppDelegate.m */ = {isa = PBXFileReference; lastKnownFileType = sourcecode.c.objc; path = AppDelegate.m; sourceTree = "<group>"; };
		0730A4F61CF3EFD500949058 /* Assets.xcassets */ = {isa = PBXFileReference; lastKnownFileType = folder.assetcatalog; path = Assets.xcassets; sourceTree = "<group>"; };
		0730A4FB1CF3EFD500949058 /* Info.plist */ = {isa = PBXFileReference; lastKnownFileType = text.plist.xml; path = Info.plist; sourceTree = "<group>"; };
		0730A5001CF3EFD500949058 /* salary-calcTests.xctest */ = {isa = PBXFileReference; explicitFileType = wrapper.cfbundle; includeInIndex = 0; path = "salary-calcTests.xctest"; sourceTree = BUILT_PRODUCTS_DIR; };
		0730A5041CF3EFD500949058 /* salary_calcTests.m */ = {isa = PBXFileReference; lastKnownFileType = sourcecode.c.objc; path = salary_calcTests.m; sourceTree = "<group>"; };
		0730A5061CF3EFD500949058 /* Info.plist */ = {isa = PBXFileReference; lastKnownFileType = text.plist.xml; path = Info.plist; sourceTree = "<group>"; };
		0730A50B1CF3EFD500949058 /* salary-calcUITests.xctest */ = {isa = PBXFileReference; explicitFileType = wrapper.cfbundle; includeInIndex = 0; path = "salary-calcUITests.xctest"; sourceTree = BUILT_PRODUCTS_DIR; };
		0730A50F1CF3EFD500949058 /* salary_calcUITests.m */ = {isa = PBXFileReference; lastKnownFileType = sourcecode.c.objc; path = salary_calcUITests.m; sourceTree = "<group>"; };
		0730A5111CF3EFD500949058 /* Info.plist */ = {isa = PBXFileReference; lastKnownFileType = text.plist.xml; path = Info.plist; sourceTree = "<group>"; };
		0730A5211CF3F75900949058 /* EWNaviViewController.h */ = {isa = PBXFileReference; fileEncoding = 4; lastKnownFileType = sourcecode.c.h; path = EWNaviViewController.h; sourceTree = "<group>"; };
		0730A5221CF3F75900949058 /* EWNaviViewController.m */ = {isa = PBXFileReference; fileEncoding = 4; lastKnownFileType = sourcecode.c.objc; path = EWNaviViewController.m; sourceTree = "<group>"; };
		0730A5241CF3F84400949058 /* EWRootViewController.h */ = {isa = PBXFileReference; fileEncoding = 4; lastKnownFileType = sourcecode.c.h; path = EWRootViewController.h; sourceTree = "<group>"; };
		0730A5251CF3F84400949058 /* EWRootViewController.m */ = {isa = PBXFileReference; fileEncoding = 4; lastKnownFileType = sourcecode.c.objc; path = EWRootViewController.m; sourceTree = "<group>"; };
		0730A5271CF401CF00949058 /* EWLocationViewController.h */ = {isa = PBXFileReference; fileEncoding = 4; lastKnownFileType = sourcecode.c.h; path = EWLocationViewController.h; sourceTree = "<group>"; };
		0730A5281CF401CF00949058 /* EWLocationViewController.m */ = {isa = PBXFileReference; fileEncoding = 4; lastKnownFileType = sourcecode.c.objc; path = EWLocationViewController.m; sourceTree = "<group>"; };
		0730A52A1CF401DF00949058 /* EWSettingViewController.h */ = {isa = PBXFileReference; fileEncoding = 4; lastKnownFileType = sourcecode.c.h; path = EWSettingViewController.h; sourceTree = "<group>"; };
		0730A52B1CF401DF00949058 /* EWSettingViewController.m */ = {isa = PBXFileReference; fileEncoding = 4; lastKnownFileType = sourcecode.c.objc; path = EWSettingViewController.m; sourceTree = "<group>"; };
		0730A52E1CF41C7A00949058 /* city.plist */ = {isa = PBXFileReference; fileEncoding = 4; lastKnownFileType = text.plist.xml; path = city.plist; sourceTree = "<group>"; };
		078449EA1CF457E100A2460C /* CityManager.h */ = {isa = PBXFileReference; fileEncoding = 4; lastKnownFileType = sourcecode.c.h; path = CityManager.h; sourceTree = "<group>"; };
		078449EB1CF457E100A2460C /* CityManager.m */ = {isa = PBXFileReference; fileEncoding = 4; lastKnownFileType = sourcecode.c.objc; path = CityManager.m; sourceTree = "<group>"; };
		078449EE1CF4580200A2460C /* City.h */ = {isa = PBXFileReference; fileEncoding = 4; lastKnownFileType = sourcecode.c.h; path = City.h; sourceTree = "<group>"; };
		078449EF1CF4580200A2460C /* City.m */ = {isa = PBXFileReference; fileEncoding = 4; lastKnownFileType = sourcecode.c.objc; path = City.m; sourceTree = "<group>"; };
		57528E0EFF5A8CF314453031 /* Pods_salary_calc.framework */ = {isa = PBXFileReference; explicitFileType = wrapper.framework; includeInIndex = 0; path = Pods_salary_calc.framework; sourceTree = BUILT_PRODUCTS_DIR; };
		A94CDB078068F27413FB547A /* Pods-salary-calc.release.xcconfig */ = {isa = PBXFileReference; includeInIndex = 1; lastKnownFileType = text.xcconfig; name = "Pods-salary-calc.release.xcconfig"; path = "Pods/Target Support Files/Pods-salary-calc/Pods-salary-calc.release.xcconfig"; sourceTree = "<group>"; };
		EFFCE3111ED2B3B100A35DF9 /* LaunchScreen.storyboard */ = {isa = PBXFileReference; fileEncoding = 4; lastKnownFileType = file.storyboard; path = LaunchScreen.storyboard; sourceTree = "<group>"; };
		EFFCE3121ED2B3B100A35DF9 /* Main.storyboard */ = {isa = PBXFileReference; fileEncoding = 4; lastKnownFileType = file.storyboard; path = Main.storyboard; sourceTree = "<group>"; };
		FB4771875733DDE963F9E91E /* Pods-salary-calc.debug.xcconfig */ = {isa = PBXFileReference; includeInIndex = 1; lastKnownFileType = text.xcconfig; name = "Pods-salary-calc.debug.xcconfig"; path = "Pods/Target Support Files/Pods-salary-calc/Pods-salary-calc.debug.xcconfig"; sourceTree = "<group>"; };
/* End PBXFileReference section */

/* Begin PBXFrameworksBuildPhase section */
		0730A4E41CF3EFD500949058 /* Frameworks */ = {
			isa = PBXFrameworksBuildPhase;
			buildActionMask = 2147483647;
			files = (
				C19E77AE8C98A39ABDF909F8 /* Pods_salary_calc.framework in Frameworks */,
			);
			runOnlyForDeploymentPostprocessing = 0;
		};
		0730A4FD1CF3EFD500949058 /* Frameworks */ = {
			isa = PBXFrameworksBuildPhase;
			buildActionMask = 2147483647;
			files = (
			);
			runOnlyForDeploymentPostprocessing = 0;
		};
		0730A5081CF3EFD500949058 /* Frameworks */ = {
			isa = PBXFrameworksBuildPhase;
			buildActionMask = 2147483647;
			files = (
			);
			runOnlyForDeploymentPostprocessing = 0;
		};
/* End PBXFrameworksBuildPhase section */

/* Begin PBXGroup section */
		0730A4DE1CF3EFD500949058 = {
			isa = PBXGroup;
			children = (
				0730A4E91CF3EFD500949058 /* salary-calc */,
				0730A5031CF3EFD500949058 /* salary-calcTests */,
				0730A50E1CF3EFD500949058 /* salary-calcUITests */,
				0730A4E81CF3EFD500949058 /* Products */,
				C157F3A850BB400353BCBAEA /* Pods */,
				91C935268E1312F9BF3F1BEA /* Frameworks */,
			);
			sourceTree = "<group>";
		};
		0730A4E81CF3EFD500949058 /* Products */ = {
			isa = PBXGroup;
			children = (
				0730A4E71CF3EFD500949058 /* salary-calc.app */,
				0730A5001CF3EFD500949058 /* salary-calcTests.xctest */,
				0730A50B1CF3EFD500949058 /* salary-calcUITests.xctest */,
			);
			name = Products;
			sourceTree = "<group>";
		};
		0730A4E91CF3EFD500949058 /* salary-calc */ = {
			isa = PBXGroup;
			children = (
				EFFCE3101ED2B39100A35DF9 /* StoryBorads */,
				078449ED1CF457F100A2460C /* Entity */,
				078449E91CF457C800A2460C /* Manager */,
				0730A5331CF43DB000949058 /* Utils */,
				0730A5321CF43D9A00949058 /* Views */,
				0730A52D1CF41BAC00949058 /* resource */,
				0730A51D1CF3F61600949058 /* ViewCotroller */,
				0730A4ED1CF3EFD500949058 /* AppDelegate.h */,
				0730A4EE1CF3EFD500949058 /* AppDelegate.m */,
				0730A4F61CF3EFD500949058 /* Assets.xcassets */,
				0730A4FB1CF3EFD500949058 /* Info.plist */,
				0730A4EA1CF3EFD500949058 /* Supporting Files */,
			);
			path = "salary-calc";
			sourceTree = "<group>";
		};
		0730A4EA1CF3EFD500949058 /* Supporting Files */ = {
			isa = PBXGroup;
			children = (
				0730A4EB1CF3EFD500949058 /* main.m */,
			);
			name = "Supporting Files";
			sourceTree = "<group>";
		};
		0730A5031CF3EFD500949058 /* salary-calcTests */ = {
			isa = PBXGroup;
			children = (
				0730A5041CF3EFD500949058 /* salary_calcTests.m */,
				0730A5061CF3EFD500949058 /* Info.plist */,
			);
			path = "salary-calcTests";
			sourceTree = "<group>";
		};
		0730A50E1CF3EFD500949058 /* salary-calcUITests */ = {
			isa = PBXGroup;
			children = (
				0730A50F1CF3EFD500949058 /* salary_calcUITests.m */,
				0730A5111CF3EFD500949058 /* Info.plist */,
			);
			path = "salary-calcUITests";
			sourceTree = "<group>";
		};
		0730A51D1CF3F61600949058 /* ViewCotroller */ = {
			isa = PBXGroup;
			children = (
				0730A5211CF3F75900949058 /* EWNaviViewController.h */,
				0730A5221CF3F75900949058 /* EWNaviViewController.m */,
				0730A5241CF3F84400949058 /* EWRootViewController.h */,
				0730A5251CF3F84400949058 /* EWRootViewController.m */,
				0730A5271CF401CF00949058 /* EWLocationViewController.h */,
				0730A5281CF401CF00949058 /* EWLocationViewController.m */,
				0730A52A1CF401DF00949058 /* EWSettingViewController.h */,
				0730A52B1CF401DF00949058 /* EWSettingViewController.m */,
				0725FAD21CF5D68B007A6088 /* BaseViewController.h */,
				0725FAD31CF5D68B007A6088 /* BaseViewController.m */,
			);
			path = ViewCotroller;
			sourceTree = "<group>";
		};
		0730A52D1CF41BAC00949058 /* resource */ = {
			isa = PBXGroup;
			children = (
				0730A52E1CF41C7A00949058 /* city.plist */,
			);
			path = resource;
			sourceTree = "<group>";
		};
		0730A5321CF43D9A00949058 /* Views */ = {
			isa = PBXGroup;
			children = (
				0725FAD51CF5DAF5007A6088 /* EWHotCityCell.h */,
				0725FAD61CF5DAF5007A6088 /* EWHotCityCell.m */,
				0725FAD71CF5DAF5007A6088 /* EWHotCityCell.xib */,
			);
			path = Views;
			sourceTree = "<group>";
		};
		0730A5331CF43DB000949058 /* Utils */ = {
			isa = PBXGroup;
			children = (
				0725FABF1CF4A105007A6088 /* Constants.h */,
			);
			path = Utils;
			sourceTree = "<group>";
		};
		078449E91CF457C800A2460C /* Manager */ = {
			isa = PBXGroup;
			children = (
				078449EA1CF457E100A2460C /* CityManager.h */,
				078449EB1CF457E100A2460C /* CityManager.m */,
			);
			path = Manager;
			sourceTree = "<group>";
		};
		078449ED1CF457F100A2460C /* Entity */ = {
			isa = PBXGroup;
			children = (
				078449EE1CF4580200A2460C /* City.h */,
				078449EF1CF4580200A2460C /* City.m */,
			);
			path = Entity;
			sourceTree = "<group>";
		};
		91C935268E1312F9BF3F1BEA /* Frameworks */ = {
			isa = PBXGroup;
			children = (
				57528E0EFF5A8CF314453031 /* Pods_salary_calc.framework */,
			);
			name = Frameworks;
			sourceTree = "<group>";
		};
		C157F3A850BB400353BCBAEA /* Pods */ = {
			isa = PBXGroup;
			children = (
				FB4771875733DDE963F9E91E /* Pods-salary-calc.debug.xcconfig */,
				A94CDB078068F27413FB547A /* Pods-salary-calc.release.xcconfig */,
			);
			name = Pods;
			sourceTree = "<group>";
		};
		EFFCE3101ED2B39100A35DF9 /* StoryBorads */ = {
			isa = PBXGroup;
			children = (
				EFFCE3111ED2B3B100A35DF9 /* LaunchScreen.storyboard */,
				EFFCE3121ED2B3B100A35DF9 /* Main.storyboard */,
			);
			path = StoryBorads;
			sourceTree = "<group>";
		};
/* End PBXGroup section */

/* Begin PBXNativeTarget section */
		0730A4E61CF3EFD500949058 /* salary-calc */ = {
			isa = PBXNativeTarget;
			buildConfigurationList = 0730A5141CF3EFD500949058 /* Build configuration list for PBXNativeTarget "salary-calc" */;
			buildPhases = (
				9A4185322512F19897E986BE /* [CP] Check Pods Manifest.lock */,
				0730A4E31CF3EFD500949058 /* Sources */,
				0730A4E41CF3EFD500949058 /* Frameworks */,
				0730A4E51CF3EFD500949058 /* Resources */,
				07302C4D1D0EE8FD00CAE7FD /* Embed Frameworks */,
				3F0C1767D10DECC183054FEF /* [CP] Embed Pods Frameworks */,
				3D5FEA72FC2FA7C6B8343481 /* [CP] Copy Pods Resources */,
			);
			buildRules = (
			);
			dependencies = (
			);
			name = "salary-calc";
			productName = "salary-calc";
			productReference = 0730A4E71CF3EFD500949058 /* salary-calc.app */;
			productType = "com.apple.product-type.application";
		};
		0730A4FF1CF3EFD500949058 /* salary-calcTests */ = {
			isa = PBXNativeTarget;
			buildConfigurationList = 0730A5171CF3EFD500949058 /* Build configuration list for PBXNativeTarget "salary-calcTests" */;
			buildPhases = (
				0730A4FC1CF3EFD500949058 /* Sources */,
				0730A4FD1CF3EFD500949058 /* Frameworks */,
				0730A4FE1CF3EFD500949058 /* Resources */,
			);
			buildRules = (
			);
			dependencies = (
				0730A5021CF3EFD500949058 /* PBXTargetDependency */,
			);
			name = "salary-calcTests";
			productName = "salary-calcTests";
			productReference = 0730A5001CF3EFD500949058 /* salary-calcTests.xctest */;
			productType = "com.apple.product-type.bundle.unit-test";
		};
		0730A50A1CF3EFD500949058 /* salary-calcUITests */ = {
			isa = PBXNativeTarget;
			buildConfigurationList = 0730A51A1CF3EFD500949058 /* Build configuration list for PBXNativeTarget "salary-calcUITests" */;
			buildPhases = (
				0730A5071CF3EFD500949058 /* Sources */,
				0730A5081CF3EFD500949058 /* Frameworks */,
				0730A5091CF3EFD500949058 /* Resources */,
			);
			buildRules = (
			);
			dependencies = (
				0730A50D1CF3EFD500949058 /* PBXTargetDependency */,
			);
			name = "salary-calcUITests";
			productName = "salary-calcUITests";
			productReference = 0730A50B1CF3EFD500949058 /* salary-calcUITests.xctest */;
			productType = "com.apple.product-type.bundle.ui-testing";
		};
/* End PBXNativeTarget section */

/* Begin PBXProject section */
		0730A4DF1CF3EFD500949058 /* Project object */ = {
			isa = PBXProject;
			attributes = {
				LastUpgradeCheck = 0730;
				ORGANIZATIONNAME = "Eric Wang";
				TargetAttributes = {
					0730A4E61CF3EFD500949058 = {
						CreatedOnToolsVersion = 7.3.1;
						DevelopmentTeam = 6FQCK6BVF7;
					};
					0730A4FF1CF3EFD500949058 = {
						CreatedOnToolsVersion = 7.3.1;
						TestTargetID = 0730A4E61CF3EFD500949058;
					};
					0730A50A1CF3EFD500949058 = {
						CreatedOnToolsVersion = 7.3.1;
						TestTargetID = 0730A4E61CF3EFD500949058;
					};
				};
			};
			buildConfigurationList = 0730A4E21CF3EFD500949058 /* Build configuration list for PBXProject "salary-calc" */;
			compatibilityVersion = "Xcode 3.2";
			developmentRegion = English;
			hasScannedForEncodings = 0;
			knownRegions = (
				en,
				Base,
			);
			mainGroup = 0730A4DE1CF3EFD500949058;
			productRefGroup = 0730A4E81CF3EFD500949058 /* Products */;
			projectDirPath = "";
			projectRoot = "";
			targets = (
				0730A4E61CF3EFD500949058 /* salary-calc */,
				0730A4FF1CF3EFD500949058 /* salary-calcTests */,
				0730A50A1CF3EFD500949058 /* salary-calcUITests */,
			);
		};
/* End PBXProject section */

/* Begin PBXResourcesBuildPhase section */
		0730A4E51CF3EFD500949058 /* Resources */ = {
			isa = PBXResourcesBuildPhase;
			buildActionMask = 2147483647;
			files = (
				0725FAD91CF5DAF5007A6088 /* EWHotCityCell.xib in Resources */,
				EFFCE3141ED2B3B100A35DF9 /* Main.storyboard in Resources */,
				EFFCE3131ED2B3B100A35DF9 /* LaunchScreen.storyboard in Resources */,
				0730A4F71CF3EFD500949058 /* Assets.xcassets in Resources */,
				0730A52F1CF41C7A00949058 /* city.plist in Resources */,
			);
			runOnlyForDeploymentPostprocessing = 0;
		};
		0730A4FE1CF3EFD500949058 /* Resources */ = {
			isa = PBXResourcesBuildPhase;
			buildActionMask = 2147483647;
			files = (
			);
			runOnlyForDeploymentPostprocessing = 0;
		};
		0730A5091CF3EFD500949058 /* Resources */ = {
			isa = PBXResourcesBuildPhase;
			buildActionMask = 2147483647;
			files = (
			);
			runOnlyForDeploymentPostprocessing = 0;
		};
/* End PBXResourcesBuildPhase section */

/* Begin PBXShellScriptBuildPhase section */
		3D5FEA72FC2FA7C6B8343481 /* [CP] Copy Pods Resources */ = {
			isa = PBXShellScriptBuildPhase;
			buildActionMask = 2147483647;
			files = (
			);
			inputPaths = (
			);
			name = "[CP] Copy Pods Resources";
			outputPaths = (
			);
			runOnlyForDeploymentPostprocessing = 0;
			shellPath = /bin/sh;
			shellScript = "\"${SRCROOT}/Pods/Target Support Files/Pods-salary-calc/Pods-salary-calc-resources.sh\"\n";
			showEnvVarsInLog = 0;
		};
		3F0C1767D10DECC183054FEF /* [CP] Embed Pods Frameworks */ = {
			isa = PBXShellScriptBuildPhase;
			buildActionMask = 2147483647;
			files = (
			);
			inputPaths = (
				"${SRCROOT}/Pods/Target Support Files/Pods-salary-calc/Pods-salary-calc-frameworks.sh",
				"${BUILT_PRODUCTS_DIR}/AFNetworking/AFNetworking.framework",
				"${BUILT_PRODUCTS_DIR}/Charts/Charts.framework",
				"${BUILT_PRODUCTS_DIR}/FMDB/FMDB.framework",
				"${BUILT_PRODUCTS_DIR}/GoogleToolboxForMac/GoogleToolboxForMac.framework",
			);
			name = "[CP] Embed Pods Frameworks";
			outputPaths = (
				"${TARGET_BUILD_DIR}/${FRAMEWORKS_FOLDER_PATH}/AFNetworking.framework",
				"${TARGET_BUILD_DIR}/${FRAMEWORKS_FOLDER_PATH}/Charts.framework",
				"${TARGET_BUILD_DIR}/${FRAMEWORKS_FOLDER_PATH}/FMDB.framework",
				"${TARGET_BUILD_DIR}/${FRAMEWORKS_FOLDER_PATH}/GoogleToolboxForMac.framework",
			);
			runOnlyForDeploymentPostprocessing = 0;
			shellPath = /bin/sh;
			shellScript = "\"${SRCROOT}/Pods/Target Support Files/Pods-salary-calc/Pods-salary-calc-frameworks.sh\"\n";
			showEnvVarsInLog = 0;
		};
		9A4185322512F19897E986BE /* [CP] Check Pods Manifest.lock */ = {
			isa = PBXShellScriptBuildPhase;
			buildActionMask = 2147483647;
			files = (
			);
			inputPaths = (
				"${PODS_PODFILE_DIR_PATH}/Podfile.lock",
				"${PODS_ROOT}/Manifest.lock",
			);
			name = "[CP] Check Pods Manifest.lock";
			outputPaths = (
				"$(DERIVED_FILE_DIR)/Pods-salary-calc-checkManifestLockResult.txt",
			);
			runOnlyForDeploymentPostprocessing = 0;
			shellPath = /bin/sh;
			shellScript = "diff \"${PODS_PODFILE_DIR_PATH}/Podfile.lock\" \"${PODS_ROOT}/Manifest.lock\" > /dev/null\nif [ $? != 0 ] ; then\n    # print error to STDERR\n    echo \"error: The sandbox is not in sync with the Podfile.lock. Run 'pod install' or update your CocoaPods installation.\" >&2\n    exit 1\nfi\n# This output is used by Xcode 'outputs' to avoid re-running this script phase.\necho \"SUCCESS\" > \"${SCRIPT_OUTPUT_FILE_0}\"\n";
			showEnvVarsInLog = 0;
		};
/* End PBXShellScriptBuildPhase section */

/* Begin PBXSourcesBuildPhase section */
		0730A4E31CF3EFD500949058 /* Sources */ = {
			isa = PBXSourcesBuildPhase;
			buildActionMask = 2147483647;
			files = (
				0730A5261CF3F84400949058 /* EWRootViewController.m in Sources */,
				0725FAD41CF5D68B007A6088 /* BaseViewController.m in Sources */,
				0725FAD81CF5DAF5007A6088 /* EWHotCityCell.m in Sources */,
				0730A52C1CF401DF00949058 /* EWSettingViewController.m in Sources */,
				078449F01CF4580200A2460C /* City.m in Sources */,
				0730A5291CF401CF00949058 /* EWLocationViewController.m in Sources */,
				0730A5231CF3F75900949058 /* EWNaviViewController.m in Sources */,
				0730A4EF1CF3EFD500949058 /* AppDelegate.m in Sources */,
				0730A4EC1CF3EFD500949058 /* main.m in Sources */,
				078449EC1CF457E100A2460C /* CityManager.m in Sources */,
			);
			runOnlyForDeploymentPostprocessing = 0;
		};
		0730A4FC1CF3EFD500949058 /* Sources */ = {
			isa = PBXSourcesBuildPhase;
			buildActionMask = 2147483647;
			files = (
				0730A5051CF3EFD500949058 /* salary_calcTests.m in Sources */,
			);
			runOnlyForDeploymentPostprocessing = 0;
		};
		0730A5071CF3EFD500949058 /* Sources */ = {
			isa = PBXSourcesBuildPhase;
			buildActionMask = 2147483647;
			files = (
				0730A5101CF3EFD500949058 /* salary_calcUITests.m in Sources */,
			);
			runOnlyForDeploymentPostprocessing = 0;
		};
/* End PBXSourcesBuildPhase section */

/* Begin PBXTargetDependency section */
		0730A5021CF3EFD500949058 /* PBXTargetDependency */ = {
			isa = PBXTargetDependency;
			target = 0730A4E61CF3EFD500949058 /* salary-calc */;
			targetProxy = 0730A5011CF3EFD500949058 /* PBXContainerItemProxy */;
		};
		0730A50D1CF3EFD500949058 /* PBXTargetDependency */ = {
			isa = PBXTargetDependency;
			target = 0730A4E61CF3EFD500949058 /* salary-calc */;
			targetProxy = 0730A50C1CF3EFD500949058 /* PBXContainerItemProxy */;
		};
/* End PBXTargetDependency section */

/* Begin XCBuildConfiguration section */
		0730A5121CF3EFD500949058 /* Debug */ = {
			isa = XCBuildConfiguration;
			buildSettings = {
				ALWAYS_SEARCH_USER_PATHS = NO;
				CLANG_ANALYZER_NONNULL = YES;
				CLANG_CXX_LANGUAGE_STANDARD = "gnu++0x";
				CLANG_CXX_LIBRARY = "libc++";
				CLANG_ENABLE_MODULES = YES;
				CLANG_ENABLE_OBJC_ARC = YES;
				CLANG_WARN_BOOL_CONVERSION = YES;
				CLANG_WARN_CONSTANT_CONVERSION = YES;
				CLANG_WARN_DIRECT_OBJC_ISA_USAGE = YES_ERROR;
				CLANG_WARN_EMPTY_BODY = YES;
				CLANG_WARN_ENUM_CONVERSION = YES;
				CLANG_WARN_INT_CONVERSION = YES;
				CLANG_WARN_OBJC_ROOT_CLASS = YES_ERROR;
				CLANG_WARN_UNREACHABLE_CODE = YES;
				CLANG_WARN__DUPLICATE_METHOD_MATCH = YES;
				"CODE_SIGN_IDENTITY[sdk=iphoneos*]" = "iPhone Developer";
				COPY_PHASE_STRIP = NO;
				DEBUG_INFORMATION_FORMAT = dwarf;
				ENABLE_STRICT_OBJC_MSGSEND = YES;
				ENABLE_TESTABILITY = YES;
				GCC_C_LANGUAGE_STANDARD = gnu99;
				GCC_DYNAMIC_NO_PIC = NO;
				GCC_NO_COMMON_BLOCKS = YES;
				GCC_OPTIMIZATION_LEVEL = 0;
				GCC_PREPROCESSOR_DEFINITIONS = (
					"DEBUG=1",
					"$(inherited)",
				);
				GCC_WARN_64_TO_32_BIT_CONVERSION = YES;
				GCC_WARN_ABOUT_RETURN_TYPE = YES_ERROR;
				GCC_WARN_UNDECLARED_SELECTOR = YES;
				GCC_WARN_UNINITIALIZED_AUTOS = YES_AGGRESSIVE;
				GCC_WARN_UNUSED_FUNCTION = YES;
				GCC_WARN_UNUSED_VARIABLE = YES;
				IPHONEOS_DEPLOYMENT_TARGET = 9.3;
				MTL_ENABLE_DEBUG_INFO = YES;
				ONLY_ACTIVE_ARCH = YES;
				SDKROOT = iphoneos;
				TARGETED_DEVICE_FAMILY = "1,2";
			};
			name = Debug;
		};
		0730A5131CF3EFD500949058 /* Release */ = {
			isa = XCBuildConfiguration;
			buildSettings = {
				ALWAYS_SEARCH_USER_PATHS = NO;
				CLANG_ANALYZER_NONNULL = YES;
				CLANG_CXX_LANGUAGE_STANDARD = "gnu++0x";
				CLANG_CXX_LIBRARY = "libc++";
				CLANG_ENABLE_MODULES = YES;
				CLANG_ENABLE_OBJC_ARC = YES;
				CLANG_WARN_BOOL_CONVERSION = YES;
				CLANG_WARN_CONSTANT_CONVERSION = YES;
				CLANG_WARN_DIRECT_OBJC_ISA_USAGE = YES_ERROR;
				CLANG_WARN_EMPTY_BODY = YES;
				CLANG_WARN_ENUM_CONVERSION = YES;
				CLANG_WARN_INT_CONVERSION = YES;
				CLANG_WARN_OBJC_ROOT_CLASS = YES_ERROR;
				CLANG_WARN_UNREACHABLE_CODE = YES;
				CLANG_WARN__DUPLICATE_METHOD_MATCH = YES;
				"CODE_SIGN_IDENTITY[sdk=iphoneos*]" = "iPhone Developer";
				COPY_PHASE_STRIP = NO;
				DEBUG_INFORMATION_FORMAT = "dwarf-with-dsym";
				ENABLE_NS_ASSERTIONS = NO;
				ENABLE_STRICT_OBJC_MSGSEND = YES;
				GCC_C_LANGUAGE_STANDARD = gnu99;
				GCC_NO_COMMON_BLOCKS = YES;
				GCC_WARN_64_TO_32_BIT_CONVERSION = YES;
				GCC_WARN_ABOUT_RETURN_TYPE = YES_ERROR;
				GCC_WARN_UNDECLARED_SELECTOR = YES;
				GCC_WARN_UNINITIALIZED_AUTOS = YES_AGGRESSIVE;
				GCC_WARN_UNUSED_FUNCTION = YES;
				GCC_WARN_UNUSED_VARIABLE = YES;
				IPHONEOS_DEPLOYMENT_TARGET = 9.3;
				MTL_ENABLE_DEBUG_INFO = NO;
				SDKROOT = iphoneos;
				TARGETED_DEVICE_FAMILY = "1,2";
				VALIDATE_PRODUCT = YES;
			};
			name = Release;
		};
		0730A5151CF3EFD500949058 /* Debug */ = {
			isa = XCBuildConfiguration;
			baseConfigurationReference = FB4771875733DDE963F9E91E /* Pods-salary-calc.debug.xcconfig */;
			buildSettings = {
				ASSETCATALOG_COMPILER_APPICON_NAME = AppIcon;
				DEVELOPMENT_TEAM = 6FQCK6BVF7;
				EMBEDDED_CONTENT_CONTAINS_SWIFT = YES;
				FRAMEWORK_SEARCH_PATHS = (
					"$(inherited)",
					"$(PROJECT_DIR)/salary-calc/libs",
				);
				GCC_NO_COMMON_BLOCKS = NO;
				INFOPLIST_FILE = "salary-calc/Info.plist";
				IPHONEOS_DEPLOYMENT_TARGET = 9.3;
				LD_RUNPATH_SEARCH_PATHS = "$(inherited) @executable_path/Frameworks";
				PRODUCT_BUNDLE_IDENTIFIER = "com.github.salary-calc";
				PRODUCT_NAME = "$(TARGET_NAME)";
				TARGETED_DEVICE_FAMILY = "1,2";
			};
			name = Debug;
		};
		0730A5161CF3EFD500949058 /* Release */ = {
			isa = XCBuildConfiguration;
			baseConfigurationReference = A94CDB078068F27413FB547A /* Pods-salary-calc.release.xcconfig */;
			buildSettings = {
				ASSETCATALOG_COMPILER_APPICON_NAME = AppIcon;
				DEVELOPMENT_TEAM = 6FQCK6BVF7;
				EMBEDDED_CONTENT_CONTAINS_SWIFT = YES;
				FRAMEWORK_SEARCH_PATHS = (
					"$(inherited)",
					"$(PROJECT_DIR)/salary-calc/libs",
				);
				GCC_NO_COMMON_BLOCKS = NO;
				INFOPLIST_FILE = "salary-calc/Info.plist";
				IPHONEOS_DEPLOYMENT_TARGET = 9.3;
				LD_RUNPATH_SEARCH_PATHS = "$(inherited) @executable_path/Frameworks";
				PRODUCT_BUNDLE_IDENTIFIER = "com.github.salary-calc";
				PRODUCT_NAME = "$(TARGET_NAME)";
				TARGETED_DEVICE_FAMILY = "1,2";
			};
			name = Release;
		};
		0730A5181CF3EFD500949058 /* Debug */ = {
			isa = XCBuildConfiguration;
			buildSettings = {
				BUNDLE_LOADER = "$(TEST_HOST)";
				INFOPLIST_FILE = "salary-calcTests/Info.plist";
				LD_RUNPATH_SEARCH_PATHS = "$(inherited) @executable_path/Frameworks @loader_path/Frameworks";
				PRODUCT_BUNDLE_IDENTIFIER = "com.github.salary-calcTests";
				PRODUCT_NAME = "$(TARGET_NAME)";
				TEST_HOST = "$(BUILT_PRODUCTS_DIR)/salary-calc.app/salary-calc";
			};
			name = Debug;
		};
		0730A5191CF3EFD500949058 /* Release */ = {
			isa = XCBuildConfiguration;
			buildSettings = {
				BUNDLE_LOADER = "$(TEST_HOST)";
				INFOPLIST_FILE = "salary-calcTests/Info.plist";
				LD_RUNPATH_SEARCH_PATHS = "$(inherited) @executable_path/Frameworks @loader_path/Frameworks";
				PRODUCT_BUNDLE_IDENTIFIER = "com.github.salary-calcTests";
				PRODUCT_NAME = "$(TARGET_NAME)";
				TEST_HOST = "$(BUILT_PRODUCTS_DIR)/salary-calc.app/salary-calc";
			};
			name = Release;
		};
		0730A51B1CF3EFD500949058 /* Debug */ = {
			isa = XCBuildConfiguration;
			buildSettings = {
				INFOPLIST_FILE = "salary-calcUITests/Info.plist";
				LD_RUNPATH_SEARCH_PATHS = "$(inherited) @executable_path/Frameworks @loader_path/Frameworks";
				PRODUCT_BUNDLE_IDENTIFIER = "com.github.salary-calcUITests";
				PRODUCT_NAME = "$(TARGET_NAME)";
				TEST_TARGET_NAME = "salary-calc";
			};
			name = Debug;
		};
		0730A51C1CF3EFD500949058 /* Release */ = {
			isa = XCBuildConfiguration;
			buildSettings = {
				INFOPLIST_FILE = "salary-calcUITests/Info.plist";
				LD_RUNPATH_SEARCH_PATHS = "$(inherited) @executable_path/Frameworks @loader_path/Frameworks";
				PRODUCT_BUNDLE_IDENTIFIER = "com.github.salary-calcUITests";
				PRODUCT_NAME = "$(TARGET_NAME)";
				TEST_TARGET_NAME = "salary-calc";
			};
			name = Release;
		};
/* End XCBuildConfiguration section */

/* Begin XCConfigurationList section */
		0730A4E21CF3EFD500949058 /* Build configuration list for PBXProject "salary-calc" */ = {
			isa = XCConfigurationList;
			buildConfigurations = (
				0730A5121CF3EFD500949058 /* Debug */,
				0730A5131CF3EFD500949058 /* Release */,
			);
			defaultConfigurationIsVisible = 0;
			defaultConfigurationName = Release;
		};
		0730A5141CF3EFD500949058 /* Build configuration list for PBXNativeTarget "salary-calc" */ = {
			isa = XCConfigurationList;
			buildConfigurations = (
				0730A5151CF3EFD500949058 /* Debug */,
				0730A5161CF3EFD500949058 /* Release */,
			);
			defaultConfigurationIsVisible = 0;
			defaultConfigurationName = Release;
		};
		0730A5171CF3EFD500949058 /* Build configuration list for PBXNativeTarget "salary-calcTests" */ = {
			isa = XCConfigurationList;
			buildConfigurations = (
				0730A5181CF3EFD500949058 /* Debug */,
				0730A5191CF3EFD500949058 /* Release */,
			);
			defaultConfigurationIsVisible = 0;
			defaultConfigurationName = Release;
		};
		0730A51A1CF3EFD500949058 /* Build configuration list for PBXNativeTarget "salary-calcUITests" */ = {
			isa = XCConfigurationList;
			buildConfigurations = (
				0730A51B1CF3EFD500949058 /* Debug */,
				0730A51C1CF3EFD500949058 /* Release */,
			);
			defaultConfigurationIsVisible = 0;
			defaultConfigurationName = Release;
		};
/* End XCConfigurationList section */
	};
	rootObject = 0730A4DF1CF3EFD500949058 /* Project object */;
}
